{
  "name": "VPSI-TRUTH",
  "version": "1.0.0",
  "description": "Motor de validación formal, aritmética exacta y coherencia estructural VPSI-TRUTH",
  "private": true,
  "scripts": {
    "test": "pytest tests/ -v --tb=short --junit-xml=diagnostics/test_results.xml",
    "omega": "python diagnostics/omega_report.py"
  },
  "author": "Ilver Villasmil",
  "license": "MIT",
  "dependencies": {},
  "devDependencies": {}
}
